// !$*UTF8*$!
{
	archiveVersion = 1;
	classes = {
	};
	objectVersion = 55;
	objects = {

/* Begin PBXBuildFile section */
		810F326928AB88E500EE32D0 /* doctor 1@3x 1.png in Resources */ = {isa = PBXBuildFile; fileRef = 810F326828AB88E500EE32D0 /* doctor 1@3x 1.png */; };
		810F326F28ABA56B00EE32D0 /* UIImageViewExtension.swift in Sources */ = {isa = PBXBuildFile; fileRef = 810F326E28ABA56B00EE32D0 /* UIImageViewExtension.swift */; };
		810F327128ACA51900EE32D0 /* AricleModel.swift in Sources */ = {isa = PBXBuildFile; fileRef = 810F327028ACA51900EE32D0 /* AricleModel.swift */; };
		810F327328ACD68800EE32D0 /* HomeCellModel.swift in Sources */ = {isa = PBXBuildFile; fileRef = 810F327228ACD68800EE32D0 /* HomeCellModel.swift */; };
		811C6B62289CF1EE0055071D /* AppDelegate.swift in Sources */ = {isa = PBXBuildFile; fileRef = 811C6B61289CF1EE0055071D /* AppDelegate.swift */; };
		811C6B64289CF1EE0055071D /* SceneDelegate.swift in Sources */ = {isa = PBXBuildFile; fileRef = 811C6B63289CF1EE0055071D /* SceneDelegate.swift */; };
		811C6B6E289CF1F00055071D /* LaunchScreen.storyboard in Resources */ = {isa = PBXBuildFile; fileRef = 811C6B6C289CF1F00055071D /* LaunchScreen.storyboard */; };
		811C6B8C289D11F20055071D /* CollectionViewExtension.swift in Sources */ = {isa = PBXBuildFile; fileRef = 811C6B8B289D11F20055071D /* CollectionViewExtension.swift */; };
		811C6B8F289D18380055071D /* SlideInforCell.swift in Sources */ = {isa = PBXBuildFile; fileRef = 811C6B8D289D18380055071D /* SlideInforCell.swift */; };
		811C6B90289D18380055071D /* SlideInforCell.xib in Resources */ = {isa = PBXBuildFile; fileRef = 811C6B8E289D18380055071D /* SlideInforCell.xib */; };
		811C6B97289D1E4B0055071D /* SlideInfoController.swift in Sources */ = {isa = PBXBuildFile; fileRef = 811C6B95289D1E4B0055071D /* SlideInfoController.swift */; };
		811C6B98289D1E4B0055071D /* SlideInfoController.xib in Resources */ = {isa = PBXBuildFile; fileRef = 811C6B96289D1E4B0055071D /* SlideInfoController.xib */; };
		813C11E928ADE67600FEB495 /* DoctorHomeCell.swift in Sources */ = {isa = PBXBuildFile; fileRef = 813C11E728ADE67600FEB495 /* DoctorHomeCell.swift */; };
		813C11EA28ADE67600FEB495 /* DoctorHomeCell.xib in Resources */ = {isa = PBXBuildFile; fileRef = 813C11E828ADE67600FEB495 /* DoctorHomeCell.xib */; };
		813C11EE28ADE94400FEB495 /* Stroke 1.png in Resources */ = {isa = PBXBuildFile; fileRef = 813C11ED28ADE94400FEB495 /* Stroke 1.png */; };
		813C11F028ADEA7A00FEB495 /* DoctorModel.swift in Sources */ = {isa = PBXBuildFile; fileRef = 813C11EF28ADEA7A00FEB495 /* DoctorModel.swift */; };
		813C11F728ADF55B00FEB495 /* NewsController.swift in Sources */ = {isa = PBXBuildFile; fileRef = 813C11F528ADF55B00FEB495 /* NewsController.swift */; };
		813C11F828ADF55B00FEB495 /* NewsController.xib in Resources */ = {isa = PBXBuildFile; fileRef = 813C11F628ADF55B00FEB495 /* NewsController.xib */; };
		813C11FA28AE052D00FEB495 /* NewsAPI.swift in Sources */ = {isa = PBXBuildFile; fileRef = 813C11F928AE052D00FEB495 /* NewsAPI.swift */; };
		813C120B28AE266100FEB495 /* NewCell.swift in Sources */ = {isa = PBXBuildFile; fileRef = 813C120928AE266100FEB495 /* NewCell.swift */; };
		813C120C28AE266100FEB495 /* NewCell.xib in Resources */ = {isa = PBXBuildFile; fileRef = 813C120A28AE266100FEB495 /* NewCell.xib */; };
		813C121028AE2E9100FEB495 /* NewsModel.swift in Sources */ = {isa = PBXBuildFile; fileRef = 813C120F28AE2E9100FEB495 /* NewsModel.swift */; };
		813C121228AE34C900FEB495 /* Vector (1).png in Resources */ = {isa = PBXBuildFile; fileRef = 813C121128AE34C900FEB495 /* Vector (1).png */; };
		813C121428AE34CF00FEB495 /* Vector.png in Resources */ = {isa = PBXBuildFile; fileRef = 813C121328AE34CF00FEB495 /* Vector.png */; };
		813C121928AE372B00FEB495 /* PromotionController.swift in Sources */ = {isa = PBXBuildFile; fileRef = 813C121728AE372B00FEB495 /* PromotionController.swift */; };
		813C121A28AE372B00FEB495 /* PromotionController.xib in Resources */ = {isa = PBXBuildFile; fileRef = 813C121828AE372B00FEB495 /* PromotionController.xib */; };
		813C121C28AE3F2D00FEB495 /* PromotionAPI.swift in Sources */ = {isa = PBXBuildFile; fileRef = 813C121B28AE3F2D00FEB495 /* PromotionAPI.swift */; };
		813C122028AE452A00FEB495 /* DoctorController.swift in Sources */ = {isa = PBXBuildFile; fileRef = 813C121E28AE452A00FEB495 /* DoctorController.swift */; };
		813C122128AE452A00FEB495 /* DoctorController.xib in Resources */ = {isa = PBXBuildFile; fileRef = 813C121F28AE452A00FEB495 /* DoctorController.xib */; };
		81433A6C28AA263F000404BF /* AppAPI.swift in Sources */ = {isa = PBXBuildFile; fileRef = 81433A6B28AA263F000404BF /* AppAPI.swift */; };
		81433A6E28AA2696000404BF /* HomeAPI.swift in Sources */ = {isa = PBXBuildFile; fileRef = 81433A6D28AA2696000404BF /* HomeAPI.swift */; };
		81433A7728AA2FD5000404BF /* PromotionList.swift in Sources */ = {isa = PBXBuildFile; fileRef = 81433A7628AA2FD5000404BF /* PromotionList.swift */; };
		81433A7928AA2FEC000404BF /* DoctorList.swift in Sources */ = {isa = PBXBuildFile; fileRef = 81433A7828AA2FEC000404BF /* DoctorList.swift */; };
		81433A7B28AA3014000404BF /* ArticleList.swift in Sources */ = {isa = PBXBuildFile; fileRef = 81433A7A28AA3014000404BF /* ArticleList.swift */; };
		81433A7D28AA304F000404BF /* HomeData.swift in Sources */ = {isa = PBXBuildFile; fileRef = 81433A7C28AA304F000404BF /* HomeData.swift */; };
		81433A7F28AA308F000404BF /* HomeModel.swift in Sources */ = {isa = PBXBuildFile; fileRef = 81433A7E28AA308F000404BF /* HomeModel.swift */; };
		81433A8228AA5592000404BF /* HomeCell.swift in Sources */ = {isa = PBXBuildFile; fileRef = 81433A8028AA5592000404BF /* HomeCell.swift */; };
		81433A8328AA5592000404BF /* HomeCell.xib in Resources */ = {isa = PBXBuildFile; fileRef = 81433A8128AA5592000404BF /* HomeCell.xib */; };
		815C3D3728AF2BB700856D24 /* DoctorCell.swift in Sources */ = {isa = PBXBuildFile; fileRef = 815C3D3528AF2BB700856D24 /* DoctorCell.swift */; };
		815C3D3828AF2BB700856D24 /* DoctorCell.xib in Resources */ = {isa = PBXBuildFile; fileRef = 815C3D3628AF2BB700856D24 /* DoctorCell.xib */; };
		815C3D3A28AF2D2D00856D24 /* DoctorAPI.swift in Sources */ = {isa = PBXBuildFile; fileRef = 815C3D3928AF2D2D00856D24 /* DoctorAPI.swift */; };
		815C3D4328AF3A9F00856D24 /* DetailController.swift in Sources */ = {isa = PBXBuildFile; fileRef = 815C3D4128AF3A9F00856D24 /* DetailController.swift */; };
		815C3D4428AF3A9F00856D24 /* DetailController.xib in Resources */ = {isa = PBXBuildFile; fileRef = 815C3D4228AF3A9F00856D24 /* DetailController.xib */; };
		815C3D4E28AF877100856D24 /* UserController.swift in Sources */ = {isa = PBXBuildFile; fileRef = 815C3D4C28AF877100856D24 /* UserController.swift */; };
		815C3D4F28AF877100856D24 /* UserController.xib in Resources */ = {isa = PBXBuildFile; fileRef = 815C3D4D28AF877100856D24 /* UserController.xib */; };
		815C3D6828AFD64100856D24 /* UserInforCell.swift in Sources */ = {isa = PBXBuildFile; fileRef = 815C3D6628AFD64100856D24 /* UserInforCell.swift */; };
		815C3D6928AFD64100856D24 /* UserInforCell.xib in Resources */ = {isa = PBXBuildFile; fileRef = 815C3D6728AFD64100856D24 /* UserInforCell.xib */; };
		815C3D6C28AFD7DB00856D24 /* UserInfoModel.swift in Sources */ = {isa = PBXBuildFile; fileRef = 815C3D6B28AFD7DB00856D24 /* UserInfoModel.swift */; };
		815C3D6E28B0901A00856D24 /* Assets.xcassets in Resources */ = {isa = PBXBuildFile; fileRef = 815C3D6D28B0901A00856D24 /* Assets.xcassets */; };
		816AFBAD28B09A010028B63F /* UIView+Extensions.swift in Sources */ = {isa = PBXBuildFile; fileRef = 816AFBAC28B09A010028B63F /* UIView+Extensions.swift */; };
		8172DD3928A112F600EFA73E /* ColorAppModel.swift in Sources */ = {isa = PBXBuildFile; fileRef = 8172DD3828A112F600EFA73E /* ColorAppModel.swift */; };
		817F6BCE28A23E240030A20C /* OptViewController.swift in Sources */ = {isa = PBXBuildFile; fileRef = 817F6BCC28A23E240030A20C /* OptViewController.swift */; };
		817F6BCF28A23E240030A20C /* OptViewController.xib in Resources */ = {isa = PBXBuildFile; fileRef = 817F6BCD28A23E240030A20C /* OptViewController.xib */; };
		817F6BDF28A247490030A20C /* NunitoSans-LightItalic.ttf in Resources */ = {isa = PBXBuildFile; fileRef = 817F6BD128A247490030A20C /* NunitoSans-LightItalic.ttf */; };
		817F6BE028A247490030A20C /* NunitoSans-BoldItalic.ttf in Resources */ = {isa = PBXBuildFile; fileRef = 817F6BD228A247490030A20C /* NunitoSans-BoldItalic.ttf */; };
		817F6BE128A247490030A20C /* NunitoSans-ExtraLight.ttf in Resources */ = {isa = PBXBuildFile; fileRef = 817F6BD328A247490030A20C /* NunitoSans-ExtraLight.ttf */; };
		817F6BE228A247490030A20C /* NunitoSans-Light.ttf in Resources */ = {isa = PBXBuildFile; fileRef = 817F6BD428A247490030A20C /* NunitoSans-Light.ttf */; };
		817F6BE328A247490030A20C /* NunitoSans-BlackItalic.ttf in Resources */ = {isa = PBXBuildFile; fileRef = 817F6BD528A247490030A20C /* NunitoSans-BlackItalic.ttf */; };
		817F6BE428A247490030A20C /* NunitoSans-ExtraBold.ttf in Resources */ = {isa = PBXBuildFile; fileRef = 817F6BD628A247490030A20C /* NunitoSans-ExtraBold.ttf */; };
		817F6BE528A247490030A20C /* NunitoSans-Regular.ttf in Resources */ = {isa = PBXBuildFile; fileRef = 817F6BD728A247490030A20C /* NunitoSans-Regular.ttf */; };
		817F6BE628A247490030A20C /* NunitoSans-SemiBoldItalic.ttf in Resources */ = {isa = PBXBuildFile; fileRef = 817F6BD828A247490030A20C /* NunitoSans-SemiBoldItalic.ttf */; };
		817F6BE728A247490030A20C /* NunitoSans-Italic.ttf in Resources */ = {isa = PBXBuildFile; fileRef = 817F6BD928A247490030A20C /* NunitoSans-Italic.ttf */; };
		817F6BE828A247490030A20C /* NunitoSans-Bold.ttf in Resources */ = {isa = PBXBuildFile; fileRef = 817F6BDA28A247490030A20C /* NunitoSans-Bold.ttf */; };
		817F6BE928A247490030A20C /* NunitoSans-SemiBold.ttf in Resources */ = {isa = PBXBuildFile; fileRef = 817F6BDB28A247490030A20C /* NunitoSans-SemiBold.ttf */; };
		817F6BEA28A247490030A20C /* NunitoSans-Black.ttf in Resources */ = {isa = PBXBuildFile; fileRef = 817F6BDC28A247490030A20C /* NunitoSans-Black.ttf */; };
		817F6BEB28A247490030A20C /* NunitoSans-ExtraBoldItalic.ttf in Resources */ = {isa = PBXBuildFile; fileRef = 817F6BDD28A247490030A20C /* NunitoSans-ExtraBoldItalic.ttf */; };
		817F6BEC28A247490030A20C /* NunitoSans-ExtraLightItalic.ttf in Resources */ = {isa = PBXBuildFile; fileRef = 817F6BDE28A247490030A20C /* NunitoSans-ExtraLightItalic.ttf */; };
		81BEAE3C28A4A10C0081C7A5 /* OtpItemView.swift in Sources */ = {isa = PBXBuildFile; fileRef = 81BEAE3B28A4A10C0081C7A5 /* OtpItemView.swift */; };
		81BEAE4028A4A7560081C7A5 /* OtpView.swift in Sources */ = {isa = PBXBuildFile; fileRef = 81BEAE3F28A4A7560081C7A5 /* OtpView.swift */; };
		81D53FC9289D245E003B14C2 /* SlideInfoModel.swift in Sources */ = {isa = PBXBuildFile; fileRef = 81D53FC8289D245E003B14C2 /* SlideInfoModel.swift */; };
		81D53FCD289D27AE003B14C2 /* SlideInfo.swift in Sources */ = {isa = PBXBuildFile; fileRef = 81D53FCC289D27AE003B14C2 /* SlideInfo.swift */; };
		81D5E90028A6328000AD7491 /* HomeViewController.swift in Sources */ = {isa = PBXBuildFile; fileRef = 81D5E8FE28A6328000AD7491 /* HomeViewController.swift */; };
		81D5E90128A6328000AD7491 /* HomeViewController.xib in Resources */ = {isa = PBXBuildFile; fileRef = 81D5E8FF28A6328000AD7491 /* HomeViewController.xib */; };
		81D5E90528A6369200AD7491 /* Frame 45647.png in Resources */ = {isa = PBXBuildFile; fileRef = 81D5E90428A6369200AD7491 /* Frame 45647.png */; };
		81D5E90728A63EDA00AD7491 /* Avatar.png in Resources */ = {isa = PBXBuildFile; fileRef = 81D5E90628A63EDA00AD7491 /* Avatar.png */; };
		81D8470828A0AAF500D37DBC /* SignupController.swift in Sources */ = {isa = PBXBuildFile; fileRef = 81D8470628A0AAF500D37DBC /* SignupController.swift */; };
		81D8470928A0AAF500D37DBC /* SignupController.xib in Resources */ = {isa = PBXBuildFile; fileRef = 81D8470728A0AAF500D37DBC /* SignupController.xib */; };
/* End PBXBuildFile section */

/* Begin PBXFileReference section */
		810F326828AB88E500EE32D0 /* doctor 1@3x 1.png */ = {isa = PBXFileReference; lastKnownFileType = image.png; path = "doctor 1@3x 1.png"; sourceTree = "<group>"; };
		810F326E28ABA56B00EE32D0 /* UIImageViewExtension.swift */ = {isa = PBXFileReference; lastKnownFileType = sourcecode.swift; path = UIImageViewExtension.swift; sourceTree = "<group>"; };
		810F327028ACA51900EE32D0 /* AricleModel.swift */ = {isa = PBXFileReference; lastKnownFileType = sourcecode.swift; path = AricleModel.swift; sourceTree = "<group>"; };
		810F327228ACD68800EE32D0 /* HomeCellModel.swift */ = {isa = PBXFileReference; fileEncoding = 4; lastKnownFileType = sourcecode.swift; path = HomeCellModel.swift; sourceTree = "<group>"; };
		811C6B5E289CF1EE0055071D /* LeThach_Intern_BasicApp.app */ = {isa = PBXFileReference; explicitFileType = wrapper.application; includeInIndex = 0; path = LeThach_Intern_BasicApp.app; sourceTree = BUILT_PRODUCTS_DIR; };
		811C6B61289CF1EE0055071D /* AppDelegate.swift */ = {isa = PBXFileReference; lastKnownFileType = sourcecode.swift; path = AppDelegate.swift; sourceTree = "<group>"; };
		811C6B63289CF1EE0055071D /* SceneDelegate.swift */ = {isa = PBXFileReference; lastKnownFileType = sourcecode.swift; path = SceneDelegate.swift; sourceTree = "<group>"; };
		811C6B6D289CF1F00055071D /* Base */ = {isa = PBXFileReference; lastKnownFileType = file.storyboard; name = Base; path = Base.lproj/LaunchScreen.storyboard; sourceTree = "<group>"; };
		811C6B6F289CF1F00055071D /* Info.plist */ = {isa = PBXFileReference; lastKnownFileType = text.plist.xml; path = Info.plist; sourceTree = "<group>"; };
		811C6B8B289D11F20055071D /* CollectionViewExtension.swift */ = {isa = PBXFileReference; lastKnownFileType = sourcecode.swift; path = CollectionViewExtension.swift; sourceTree = "<group>"; };
		811C6B8D289D18380055071D /* SlideInforCell.swift */ = {isa = PBXFileReference; lastKnownFileType = sourcecode.swift; path = SlideInforCell.swift; sourceTree = "<group>"; };
		811C6B8E289D18380055071D /* SlideInforCell.xib */ = {isa = PBXFileReference; lastKnownFileType = file.xib; path = SlideInforCell.xib; sourceTree = "<group>"; };
		811C6B95289D1E4B0055071D /* SlideInfoController.swift */ = {isa = PBXFileReference; lastKnownFileType = sourcecode.swift; path = SlideInfoController.swift; sourceTree = "<group>"; };
		811C6B96289D1E4B0055071D /* SlideInfoController.xib */ = {isa = PBXFileReference; lastKnownFileType = file.xib; path = SlideInfoController.xib; sourceTree = "<group>"; };
		813C11E728ADE67600FEB495 /* DoctorHomeCell.swift */ = {isa = PBXFileReference; lastKnownFileType = sourcecode.swift; path = DoctorHomeCell.swift; sourceTree = "<group>"; };
		813C11E828ADE67600FEB495 /* DoctorHomeCell.xib */ = {isa = PBXFileReference; lastKnownFileType = file.xib; path = DoctorHomeCell.xib; sourceTree = "<group>"; };
		813C11ED28ADE94400FEB495 /* Stroke 1.png */ = {isa = PBXFileReference; lastKnownFileType = image.png; path = "Stroke 1.png"; sourceTree = "<group>"; };
		813C11EF28ADEA7A00FEB495 /* DoctorModel.swift */ = {isa = PBXFileReference; lastKnownFileType = sourcecode.swift; path = DoctorModel.swift; sourceTree = "<group>"; };
		813C11F528ADF55B00FEB495 /* NewsController.swift */ = {isa = PBXFileReference; lastKnownFileType = sourcecode.swift; path = NewsController.swift; sourceTree = "<group>"; };
		813C11F628ADF55B00FEB495 /* NewsController.xib */ = {isa = PBXFileReference; lastKnownFileType = file.xib; path = NewsController.xib; sourceTree = "<group>"; };
		813C11F928AE052D00FEB495 /* NewsAPI.swift */ = {isa = PBXFileReference; lastKnownFileType = sourcecode.swift; path = NewsAPI.swift; sourceTree = "<group>"; };
		813C120928AE266100FEB495 /* NewCell.swift */ = {isa = PBXFileReference; lastKnownFileType = sourcecode.swift; path = NewCell.swift; sourceTree = "<group>"; };
		813C120A28AE266100FEB495 /* NewCell.xib */ = {isa = PBXFileReference; lastKnownFileType = file.xib; path = NewCell.xib; sourceTree = "<group>"; };
		813C120F28AE2E9100FEB495 /* NewsModel.swift */ = {isa = PBXFileReference; lastKnownFileType = sourcecode.swift; path = NewsModel.swift; sourceTree = "<group>"; };
		813C121128AE34C900FEB495 /* Vector (1).png */ = {isa = PBXFileReference; lastKnownFileType = image.png; path = "Vector (1).png"; sourceTree = "<group>"; };
		813C121328AE34CF00FEB495 /* Vector.png */ = {isa = PBXFileReference; lastKnownFileType = image.png; path = Vector.png; sourceTree = "<group>"; };
		813C121728AE372B00FEB495 /* PromotionController.swift */ = {isa = PBXFileReference; lastKnownFileType = sourcecode.swift; path = PromotionController.swift; sourceTree = "<group>"; };
		813C121828AE372B00FEB495 /* PromotionController.xib */ = {isa = PBXFileReference; lastKnownFileType = file.xib; path = PromotionController.xib; sourceTree = "<group>"; };
		813C121B28AE3F2D00FEB495 /* PromotionAPI.swift */ = {isa = PBXFileReference; lastKnownFileType = sourcecode.swift; path = PromotionAPI.swift; sourceTree = "<group>"; };
		813C121E28AE452A00FEB495 /* DoctorController.swift */ = {isa = PBXFileReference; lastKnownFileType = sourcecode.swift; path = DoctorController.swift; sourceTree = "<group>"; };
		813C121F28AE452A00FEB495 /* DoctorController.xib */ = {isa = PBXFileReference; lastKnownFileType = file.xib; path = DoctorController.xib; sourceTree = "<group>"; };
		81433A6B28AA263F000404BF /* AppAPI.swift */ = {isa = PBXFileReference; lastKnownFileType = sourcecode.swift; path = AppAPI.swift; sourceTree = "<group>"; };
		81433A6D28AA2696000404BF /* HomeAPI.swift */ = {isa = PBXFileReference; lastKnownFileType = sourcecode.swift; path = HomeAPI.swift; sourceTree = "<group>"; };
		81433A7628AA2FD5000404BF /* PromotionList.swift */ = {isa = PBXFileReference; lastKnownFileType = sourcecode.swift; path = PromotionList.swift; sourceTree = "<group>"; };
		81433A7828AA2FEC000404BF /* DoctorList.swift */ = {isa = PBXFileReference; lastKnownFileType = sourcecode.swift; path = DoctorList.swift; sourceTree = "<group>"; };
		81433A7A28AA3014000404BF /* ArticleList.swift */ = {isa = PBXFileReference; lastKnownFileType = sourcecode.swift; path = ArticleList.swift; sourceTree = "<group>"; };
		81433A7C28AA304F000404BF /* HomeData.swift */ = {isa = PBXFileReference; lastKnownFileType = sourcecode.swift; path = HomeData.swift; sourceTree = "<group>"; };
		81433A7E28AA308F000404BF /* HomeModel.swift */ = {isa = PBXFileReference; lastKnownFileType = sourcecode.swift; path = HomeModel.swift; sourceTree = "<group>"; };
		81433A8028AA5592000404BF /* HomeCell.swift */ = {isa = PBXFileReference; lastKnownFileType = sourcecode.swift; path = HomeCell.swift; sourceTree = "<group>"; };
		81433A8128AA5592000404BF /* HomeCell.xib */ = {isa = PBXFileReference; lastKnownFileType = file.xib; path = HomeCell.xib; sourceTree = "<group>"; };
		815C3D3528AF2BB700856D24 /* DoctorCell.swift */ = {isa = PBXFileReference; lastKnownFileType = sourcecode.swift; path = DoctorCell.swift; sourceTree = "<group>"; };
		815C3D3628AF2BB700856D24 /* DoctorCell.xib */ = {isa = PBXFileReference; lastKnownFileType = file.xib; path = DoctorCell.xib; sourceTree = "<group>"; };
		815C3D3928AF2D2D00856D24 /* DoctorAPI.swift */ = {isa = PBXFileReference; lastKnownFileType = sourcecode.swift; path = DoctorAPI.swift; sourceTree = "<group>"; };
		815C3D4128AF3A9F00856D24 /* DetailController.swift */ = {isa = PBXFileReference; lastKnownFileType = sourcecode.swift; path = DetailController.swift; sourceTree = "<group>"; };
		815C3D4228AF3A9F00856D24 /* DetailController.xib */ = {isa = PBXFileReference; lastKnownFileType = file.xib; path = DetailController.xib; sourceTree = "<group>"; };
		815C3D4C28AF877100856D24 /* UserController.swift */ = {isa = PBXFileReference; lastKnownFileType = sourcecode.swift; path = UserController.swift; sourceTree = "<group>"; };
		815C3D4D28AF877100856D24 /* UserController.xib */ = {isa = PBXFileReference; lastKnownFileType = file.xib; path = UserController.xib; sourceTree = "<group>"; };
		815C3D6628AFD64100856D24 /* UserInforCell.swift */ = {isa = PBXFileReference; lastKnownFileType = sourcecode.swift; path = UserInforCell.swift; sourceTree = "<group>"; };
		815C3D6728AFD64100856D24 /* UserInforCell.xib */ = {isa = PBXFileReference; lastKnownFileType = file.xib; path = UserInforCell.xib; sourceTree = "<group>"; };
		815C3D6B28AFD7DB00856D24 /* UserInfoModel.swift */ = {isa = PBXFileReference; lastKnownFileType = sourcecode.swift; path = UserInfoModel.swift; sourceTree = "<group>"; };
		815C3D6D28B0901A00856D24 /* Assets.xcassets */ = {isa = PBXFileReference; lastKnownFileType = folder.assetcatalog; path = Assets.xcassets; sourceTree = "<group>"; };
		816AFBAC28B09A010028B63F /* UIView+Extensions.swift */ = {isa = PBXFileReference; fileEncoding = 4; lastKnownFileType = sourcecode.swift; path = "UIView+Extensions.swift"; sourceTree = "<group>"; };
		8172DD3828A112F600EFA73E /* ColorAppModel.swift */ = {isa = PBXFileReference; lastKnownFileType = sourcecode.swift; path = ColorAppModel.swift; sourceTree = "<group>"; };
		817F6BCC28A23E240030A20C /* OptViewController.swift */ = {isa = PBXFileReference; lastKnownFileType = sourcecode.swift; path = OptViewController.swift; sourceTree = "<group>"; };
		817F6BCD28A23E240030A20C /* OptViewController.xib */ = {isa = PBXFileReference; lastKnownFileType = file.xib; path = OptViewController.xib; sourceTree = "<group>"; };
		817F6BD128A247490030A20C /* NunitoSans-LightItalic.ttf */ = {isa = PBXFileReference; lastKnownFileType = file; path = "NunitoSans-LightItalic.ttf"; sourceTree = "<group>"; };
		817F6BD228A247490030A20C /* NunitoSans-BoldItalic.ttf */ = {isa = PBXFileReference; lastKnownFileType = file; path = "NunitoSans-BoldItalic.ttf"; sourceTree = "<group>"; };
		817F6BD328A247490030A20C /* NunitoSans-ExtraLight.ttf */ = {isa = PBXFileReference; lastKnownFileType = file; path = "NunitoSans-ExtraLight.ttf"; sourceTree = "<group>"; };
		817F6BD428A247490030A20C /* NunitoSans-Light.ttf */ = {isa = PBXFileReference; lastKnownFileType = file; path = "NunitoSans-Light.ttf"; sourceTree = "<group>"; };
		817F6BD528A247490030A20C /* NunitoSans-BlackItalic.ttf */ = {isa = PBXFileReference; lastKnownFileType = file; path = "NunitoSans-BlackItalic.ttf"; sourceTree = "<group>"; };
		817F6BD628A247490030A20C /* NunitoSans-ExtraBold.ttf */ = {isa = PBXFileReference; lastKnownFileType = file; path = "NunitoSans-ExtraBold.ttf"; sourceTree = "<group>"; };
		817F6BD728A247490030A20C /* NunitoSans-Regular.ttf */ = {isa = PBXFileReference; lastKnownFileType = file; path = "NunitoSans-Regular.ttf"; sourceTree = "<group>"; };
		817F6BD828A247490030A20C /* NunitoSans-SemiBoldItalic.ttf */ = {isa = PBXFileReference; lastKnownFileType = file; path = "NunitoSans-SemiBoldItalic.ttf"; sourceTree = "<group>"; };
		817F6BD928A247490030A20C /* NunitoSans-Italic.ttf */ = {isa = PBXFileReference; lastKnownFileType = file; path = "NunitoSans-Italic.ttf"; sourceTree = "<group>"; };
		817F6BDA28A247490030A20C /* NunitoSans-Bold.ttf */ = {isa = PBXFileReference; lastKnownFileType = file; path = "NunitoSans-Bold.ttf"; sourceTree = "<group>"; };
		817F6BDB28A247490030A20C /* NunitoSans-SemiBold.ttf */ = {isa = PBXFileReference; lastKnownFileType = file; path = "NunitoSans-SemiBold.ttf"; sourceTree = "<group>"; };
		817F6BDC28A247490030A20C /* NunitoSans-Black.ttf */ = {isa = PBXFileReference; lastKnownFileType = file; path = "NunitoSans-Black.ttf"; sourceTree = "<group>"; };
		817F6BDD28A247490030A20C /* NunitoSans-ExtraBoldItalic.ttf */ = {isa = PBXFileReference; lastKnownFileType = file; path = "NunitoSans-ExtraBoldItalic.ttf"; sourceTree = "<group>"; };
		817F6BDE28A247490030A20C /* NunitoSans-ExtraLightItalic.ttf */ = {isa = PBXFileReference; lastKnownFileType = file; path = "NunitoSans-ExtraLightItalic.ttf"; sourceTree = "<group>"; };
		81BEAE3B28A4A10C0081C7A5 /* OtpItemView.swift */ = {isa = PBXFileReference; lastKnownFileType = sourcecode.swift; path = OtpItemView.swift; sourceTree = "<group>"; };
		81BEAE3F28A4A7560081C7A5 /* OtpView.swift */ = {isa = PBXFileReference; lastKnownFileType = sourcecode.swift; path = OtpView.swift; sourceTree = "<group>"; };
		81D53FC8289D245E003B14C2 /* SlideInfoModel.swift */ = {isa = PBXFileReference; lastKnownFileType = sourcecode.swift; path = SlideInfoModel.swift; sourceTree = "<group>"; };
		81D53FCC289D27AE003B14C2 /* SlideInfo.swift */ = {isa = PBXFileReference; lastKnownFileType = sourcecode.swift; path = SlideInfo.swift; sourceTree = "<group>"; };
		81D5E8FE28A6328000AD7491 /* HomeViewController.swift */ = {isa = PBXFileReference; lastKnownFileType = sourcecode.swift; path = HomeViewController.swift; sourceTree = "<group>"; };
		81D5E8FF28A6328000AD7491 /* HomeViewController.xib */ = {isa = PBXFileReference; lastKnownFileType = file.xib; path = HomeViewController.xib; sourceTree = "<group>"; };
		81D5E90428A6369200AD7491 /* Frame 45647.png */ = {isa = PBXFileReference; lastKnownFileType = image.png; path = "Frame 45647.png"; sourceTree = "<group>"; };
		81D5E90628A63EDA00AD7491 /* Avatar.png */ = {isa = PBXFileReference; lastKnownFileType = image.png; path = Avatar.png; sourceTree = "<group>"; };
		81D8470628A0AAF500D37DBC /* SignupController.swift */ = {isa = PBXFileReference; lastKnownFileType = sourcecode.swift; path = SignupController.swift; sourceTree = "<group>"; };
		81D8470728A0AAF500D37DBC /* SignupController.xib */ = {isa = PBXFileReference; lastKnownFileType = file.xib; path = SignupController.xib; sourceTree = "<group>"; };
/* End PBXFileReference section */

/* Begin PBXFrameworksBuildPhase section */
		811C6B5B289CF1EE0055071D /* Frameworks */ = {
			isa = PBXFrameworksBuildPhase;
			buildActionMask = 2147483647;
			files = (
			);
			runOnlyForDeploymentPostprocessing = 0;
		};
/* End PBXFrameworksBuildPhase section */

/* Begin PBXGroup section */
		811C6B55289CF1EE0055071D = {
			isa = PBXGroup;
			children = (
				811C6B60289CF1EE0055071D /* LeThach_Intern_BasicApp */,
				811C6B5F289CF1EE0055071D /* Products */,
			);
			sourceTree = "<group>";
		};
		811C6B5F289CF1EE0055071D /* Products */ = {
			isa = PBXGroup;
			children = (
				811C6B5E289CF1EE0055071D /* LeThach_Intern_BasicApp.app */,
			);
			name = Products;
			sourceTree = "<group>";
		};
		811C6B60289CF1EE0055071D /* LeThach_Intern_BasicApp */ = {
			isa = PBXGroup;
			children = (
				81433A6A28AA245E000404BF /* API */,
				817F6BD028A247490030A20C /* Nunito_Sans */,
				811C6B78289CF2590055071D /* extension */,
				811C6B77289CF2450055071D /* models */,
				811C6B76289CF2380055071D /* view */,
				811C6B75289CF22E0055071D /* controller */,
				811C6B61289CF1EE0055071D /* AppDelegate.swift */,
				811C6B63289CF1EE0055071D /* SceneDelegate.swift */,
				811C6B6C289CF1F00055071D /* LaunchScreen.storyboard */,
				815C3D6D28B0901A00856D24 /* Assets.xcassets */,
				811C6B6F289CF1F00055071D /* Info.plist */,
				81D5E90428A6369200AD7491 /* Frame 45647.png */,
				81D5E90628A63EDA00AD7491 /* Avatar.png */,
				810F326828AB88E500EE32D0 /* doctor 1@3x 1.png */,
				813C121128AE34C900FEB495 /* Vector (1).png */,
				813C11ED28ADE94400FEB495 /* Stroke 1.png */,
				813C121328AE34CF00FEB495 /* Vector.png */,
			);
			path = LeThach_Intern_BasicApp;
			sourceTree = "<group>";
		};
		811C6B75289CF22E0055071D /* controller */ = {
			isa = PBXGroup;
			children = (
				815C3D4628AF848900856D24 /* Detail */,
				813C121D28AE450200FEB495 /* Promotion */,
				813C121528AE370200FEB495 /* New */,
				813C11F128ADF42A00FEB495 /* Home */,
				81D5E90828A6400B00AD7491 /* OTP */,
				81BB613328A161C40013843B /* Signup */,
				81D8470428A0AA0C00D37DBC /* SlideInfo */,
			);
			path = controller;
			sourceTree = "<group>";
		};
		811C6B76289CF2380055071D /* view */ = {
			isa = PBXGroup;
			children = (
				815C3D4B28AF861C00856D24 /* User */,
				815C3D4028AF3A8D00856D24 /* Detail */,
				813C122628AF27F100FEB495 /* Doctor */,
				813C121628AE371000FEB495 /* Promotion */,
				813C11F428ADF53A00FEB495 /* New */,
				81D5E8FD28A6326D00AD7491 /* Home */,
				817F6BCB28A23DE50030A20C /* Opt */,
				81D8470528A0AA9F00D37DBC /* Signup */,
				81D8470228A0A9D400D37DBC /* SlideInfo */,
			);
			path = view;
			sourceTree = "<group>";
		};
		811C6B77289CF2450055071D /* models */ = {
			isa = PBXGroup;
			children = (
				815C3D6A28AFD7C700856D24 /* User */,
				813C120E28AE2E8800FEB495 /* News */,
				81433A6F28AA2970000404BF /* Home */,
				81BEAE3E28A4A11C0081C7A5 /* OTP */,
				81BEAE3D28A4A1160081C7A5 /* App */,
				81D8470328A0A9F100D37DBC /* SlideInfo */,
			);
			path = models;
			sourceTree = "<group>";
		};
		811C6B78289CF2590055071D /* extension */ = {
			isa = PBXGroup;
			children = (
				816AFBAC28B09A010028B63F /* UIView+Extensions.swift */,
				811C6B8B289D11F20055071D /* CollectionViewExtension.swift */,
				810F326E28ABA56B00EE32D0 /* UIImageViewExtension.swift */,
			);
			path = extension;
			sourceTree = "<group>";
		};
		813C11F128ADF42A00FEB495 /* Home */ = {
			isa = PBXGroup;
			children = (
				81D5E8FE28A6328000AD7491 /* HomeViewController.swift */,
			);
			path = Home;
			sourceTree = "<group>";
		};
		813C11F428ADF53A00FEB495 /* New */ = {
			isa = PBXGroup;
			children = (
				813C11F628ADF55B00FEB495 /* NewsController.xib */,
				813C120928AE266100FEB495 /* NewCell.swift */,
				813C120A28AE266100FEB495 /* NewCell.xib */,
			);
			path = New;
			sourceTree = "<group>";
		};
		813C120E28AE2E8800FEB495 /* News */ = {
			isa = PBXGroup;
			children = (
				813C120F28AE2E9100FEB495 /* NewsModel.swift */,
			);
			path = News;
			sourceTree = "<group>";
		};
		813C121528AE370200FEB495 /* New */ = {
			isa = PBXGroup;
			children = (
				813C11F528ADF55B00FEB495 /* NewsController.swift */,
			);
			path = New;
			sourceTree = "<group>";
		};
		813C121628AE371000FEB495 /* Promotion */ = {
			isa = PBXGroup;
			children = (
				813C121828AE372B00FEB495 /* PromotionController.xib */,
			);
			path = Promotion;
			sourceTree = "<group>";
		};
		813C121D28AE450200FEB495 /* Promotion */ = {
			isa = PBXGroup;
			children = (
				813C121728AE372B00FEB495 /* PromotionController.swift */,
			);
			path = Promotion;
			sourceTree = "<group>";
		};
		813C122628AF27F100FEB495 /* Doctor */ = {
			isa = PBXGroup;
			children = (
				813C121F28AE452A00FEB495 /* DoctorController.xib */,
				813C121E28AE452A00FEB495 /* DoctorController.swift */,
				815C3D3528AF2BB700856D24 /* DoctorCell.swift */,
				815C3D3628AF2BB700856D24 /* DoctorCell.xib */,
			);
			path = Doctor;
			sourceTree = "<group>";
		};
		81433A6A28AA245E000404BF /* API */ = {
			isa = PBXGroup;
			children = (
				81433A6B28AA263F000404BF /* AppAPI.swift */,
				81433A6D28AA2696000404BF /* HomeAPI.swift */,
				813C11F928AE052D00FEB495 /* NewsAPI.swift */,
				813C121B28AE3F2D00FEB495 /* PromotionAPI.swift */,
				815C3D3928AF2D2D00856D24 /* DoctorAPI.swift */,
			);
			path = API;
			sourceTree = "<group>";
		};
		81433A6F28AA2970000404BF /* Home */ = {
			isa = PBXGroup;
			children = (
				810F327228ACD68800EE32D0 /* HomeCellModel.swift */,
				81433A7628AA2FD5000404BF /* PromotionList.swift */,
				81433A7828AA2FEC000404BF /* DoctorList.swift */,
				81433A7A28AA3014000404BF /* ArticleList.swift */,
				81433A7C28AA304F000404BF /* HomeData.swift */,
				81433A7E28AA308F000404BF /* HomeModel.swift */,
				810F327028ACA51900EE32D0 /* AricleModel.swift */,
				813C11EF28ADEA7A00FEB495 /* DoctorModel.swift */,
			);
			path = Home;
			sourceTree = "<group>";
		};
		815C3D4028AF3A8D00856D24 /* Detail */ = {
			isa = PBXGroup;
			children = (
				815C3D4228AF3A9F00856D24 /* DetailController.xib */,
			);
			path = Detail;
			sourceTree = "<group>";
		};
		815C3D4628AF848900856D24 /* Detail */ = {
			isa = PBXGroup;
			children = (
				815C3D4128AF3A9F00856D24 /* DetailController.swift */,
			);
			path = Detail;
			sourceTree = "<group>";
		};
		815C3D4B28AF861C00856D24 /* User */ = {
			isa = PBXGroup;
			children = (
				815C3D4C28AF877100856D24 /* UserController.swift */,
				815C3D4D28AF877100856D24 /* UserController.xib */,
				815C3D6628AFD64100856D24 /* UserInforCell.swift */,
				815C3D6728AFD64100856D24 /* UserInforCell.xib */,
			);
			path = User;
			sourceTree = "<group>";
		};
		815C3D6A28AFD7C700856D24 /* User */ = {
			isa = PBXGroup;
			children = (
				815C3D6B28AFD7DB00856D24 /* UserInfoModel.swift */,
			);
			path = User;
			sourceTree = "<group>";
		};
		817F6BCB28A23DE50030A20C /* Opt */ = {
			isa = PBXGroup;
			children = (
				81BEAE3F28A4A7560081C7A5 /* OtpView.swift */,
				81BEAE3B28A4A10C0081C7A5 /* OtpItemView.swift */,
				817F6BCD28A23E240030A20C /* OptViewController.xib */,
			);
			path = Opt;
			sourceTree = "<group>";
		};
		817F6BD028A247490030A20C /* Nunito_Sans */ = {
			isa = PBXGroup;
			children = (
				817F6BD128A247490030A20C /* NunitoSans-LightItalic.ttf */,
				817F6BD228A247490030A20C /* NunitoSans-BoldItalic.ttf */,
				817F6BD328A247490030A20C /* NunitoSans-ExtraLight.ttf */,
				817F6BD428A247490030A20C /* NunitoSans-Light.ttf */,
				817F6BD528A247490030A20C /* NunitoSans-BlackItalic.ttf */,
				817F6BD628A247490030A20C /* NunitoSans-ExtraBold.ttf */,
				817F6BD728A247490030A20C /* NunitoSans-Regular.ttf */,
				817F6BD828A247490030A20C /* NunitoSans-SemiBoldItalic.ttf */,
				817F6BD928A247490030A20C /* NunitoSans-Italic.ttf */,
				817F6BDA28A247490030A20C /* NunitoSans-Bold.ttf */,
				817F6BDB28A247490030A20C /* NunitoSans-SemiBold.ttf */,
				817F6BDC28A247490030A20C /* NunitoSans-Black.ttf */,
				817F6BDD28A247490030A20C /* NunitoSans-ExtraBoldItalic.ttf */,
				817F6BDE28A247490030A20C /* NunitoSans-ExtraLightItalic.ttf */,
			);
			path = Nunito_Sans;
			sourceTree = "<group>";
		};
		81BB613328A161C40013843B /* Signup */ = {
			isa = PBXGroup;
			children = (
				81D8470628A0AAF500D37DBC /* SignupController.swift */,
			);
			path = Signup;
			sourceTree = "<group>";
		};
		81BEAE3D28A4A1160081C7A5 /* App */ = {
			isa = PBXGroup;
			children = (
				8172DD3828A112F600EFA73E /* ColorAppModel.swift */,
			);
			path = App;
			sourceTree = "<group>";
		};
		81BEAE3E28A4A11C0081C7A5 /* OTP */ = {
			isa = PBXGroup;
			children = (
			);
			path = OTP;
			sourceTree = "<group>";
		};
		81D5E8FD28A6326D00AD7491 /* Home */ = {
			isa = PBXGroup;
			children = (
				81D5E8FF28A6328000AD7491 /* HomeViewController.xib */,
				81433A8128AA5592000404BF /* HomeCell.xib */,
				81433A8028AA5592000404BF /* HomeCell.swift */,
				813C11E728ADE67600FEB495 /* DoctorHomeCell.swift */,
				813C11E828ADE67600FEB495 /* DoctorHomeCell.xib */,
			);
			path = Home;
			sourceTree = "<group>";
		};
		81D5E90828A6400B00AD7491 /* OTP */ = {
			isa = PBXGroup;
			children = (
				817F6BCC28A23E240030A20C /* OptViewController.swift */,
			);
			path = OTP;
			sourceTree = "<group>";
		};
		81D8470228A0A9D400D37DBC /* SlideInfo */ = {
			isa = PBXGroup;
			children = (
				811C6B96289D1E4B0055071D /* SlideInfoController.xib */,
				811C6B8E289D18380055071D /* SlideInforCell.xib */,
			);
			path = SlideInfo;
			sourceTree = "<group>";
		};
		81D8470328A0A9F100D37DBC /* SlideInfo */ = {
			isa = PBXGroup;
			children = (
				81D53FCC289D27AE003B14C2 /* SlideInfo.swift */,
				81D53FC8289D245E003B14C2 /* SlideInfoModel.swift */,
			);
			path = SlideInfo;
			sourceTree = "<group>";
		};
		81D8470428A0AA0C00D37DBC /* SlideInfo */ = {
			isa = PBXGroup;
			children = (
				811C6B8D289D18380055071D /* SlideInforCell.swift */,
				811C6B95289D1E4B0055071D /* SlideInfoController.swift */,
			);
			path = SlideInfo;
			sourceTree = "<group>";
		};
		81D8470528A0AA9F00D37DBC /* Signup */ = {
			isa = PBXGroup;
			children = (
				81D8470728A0AAF500D37DBC /* SignupController.xib */,
			);
			path = Signup;
			sourceTree = "<group>";
		};
/* End PBXGroup section */

/* Begin PBXNativeTarget section */
		811C6B5D289CF1EE0055071D /* LeThach_Intern_BasicApp */ = {
			isa = PBXNativeTarget;
			buildConfigurationList = 811C6B72289CF1F00055071D /* Build configuration list for PBXNativeTarget "LeThach_Intern_BasicApp" */;
			buildPhases = (
				811C6B5A289CF1EE0055071D /* Sources */,
				811C6B5B289CF1EE0055071D /* Frameworks */,
				811C6B5C289CF1EE0055071D /* Resources */,
			);
			buildRules = (
			);
			dependencies = (
			);
			name = LeThach_Intern_BasicApp;
			productName = LeThach_Intern_BasicApp;
			productReference = 811C6B5E289CF1EE0055071D /* LeThach_Intern_BasicApp.app */;
			productType = "com.apple.product-type.application";
		};
/* End PBXNativeTarget section */

/* Begin PBXProject section */
		811C6B56289CF1EE0055071D /* Project object */ = {
			isa = PBXProject;
			attributes = {
				BuildIndependentTargetsInParallel = 1;
				LastSwiftUpdateCheck = 1340;
				LastUpgradeCheck = 1340;
				TargetAttributes = {
					811C6B5D289CF1EE0055071D = {
						CreatedOnToolsVersion = 13.4.1;
					};
				};
			};
			buildConfigurationList = 811C6B59289CF1EE0055071D /* Build configuration list for PBXProject "LeThach_Intern_BasicApp" */;
			compatibilityVersion = "Xcode 13.0";
			developmentRegion = en;
			hasScannedForEncodings = 0;
			knownRegions = (
				en,
				Base,
			);
			mainGroup = 811C6B55289CF1EE0055071D;
			productRefGroup = 811C6B5F289CF1EE0055071D /* Products */;
			projectDirPath = "";
			projectRoot = "";
			targets = (
				811C6B5D289CF1EE0055071D /* LeThach_Intern_BasicApp */,
			);
		};
/* End PBXProject section */

/* Begin PBXResourcesBuildPhase section */
		811C6B5C289CF1EE0055071D /* Resources */ = {
			isa = PBXResourcesBuildPhase;
			buildActionMask = 2147483647;
			files = (
				81D5E90728A63EDA00AD7491 /* Avatar.png in Resources */,
				813C122128AE452A00FEB495 /* DoctorController.xib in Resources */,
				817F6BEA28A247490030A20C /* NunitoSans-Black.ttf in Resources */,
				817F6BE328A247490030A20C /* NunitoSans-BlackItalic.ttf in Resources */,
				817F6BCF28A23E240030A20C /* OptViewController.xib in Resources */,
				817F6BDF28A247490030A20C /* NunitoSans-LightItalic.ttf in Resources */,
				817F6BEC28A247490030A20C /* NunitoSans-ExtraLightItalic.ttf in Resources */,
				81D5E90128A6328000AD7491 /* HomeViewController.xib in Resources */,
				817F6BE528A247490030A20C /* NunitoSans-Regular.ttf in Resources */,
				813C121228AE34C900FEB495 /* Vector (1).png in Resources */,
				811C6B6E289CF1F00055071D /* LaunchScreen.storyboard in Resources */,
				817F6BE428A247490030A20C /* NunitoSans-ExtraBold.ttf in Resources */,
				817F6BE028A247490030A20C /* NunitoSans-BoldItalic.ttf in Resources */,
				817F6BE628A247490030A20C /* NunitoSans-SemiBoldItalic.ttf in Resources */,
				81D8470928A0AAF500D37DBC /* SignupController.xib in Resources */,
				811C6B98289D1E4B0055071D /* SlideInfoController.xib in Resources */,
				81D5E90528A6369200AD7491 /* Frame 45647.png in Resources */,
				813C11EA28ADE67600FEB495 /* DoctorHomeCell.xib in Resources */,
				813C121428AE34CF00FEB495 /* Vector.png in Resources */,
				817F6BE928A247490030A20C /* NunitoSans-SemiBold.ttf in Resources */,
				813C121A28AE372B00FEB495 /* PromotionController.xib in Resources */,
				817F6BEB28A247490030A20C /* NunitoSans-ExtraBoldItalic.ttf in Resources */,
				815C3D4F28AF877100856D24 /* UserController.xib in Resources */,
				815C3D3828AF2BB700856D24 /* DoctorCell.xib in Resources */,
				810F326928AB88E500EE32D0 /* doctor 1@3x 1.png in Resources */,
				815C3D6928AFD64100856D24 /* UserInforCell.xib in Resources */,
				811C6B90289D18380055071D /* SlideInforCell.xib in Resources */,
				813C120C28AE266100FEB495 /* NewCell.xib in Resources */,
				817F6BE228A247490030A20C /* NunitoSans-Light.ttf in Resources */,
				817F6BE728A247490030A20C /* NunitoSans-Italic.ttf in Resources */,
				815C3D6E28B0901A00856D24 /* Assets.xcassets in Resources */,
				815C3D4428AF3A9F00856D24 /* DetailController.xib in Resources */,
				813C11EE28ADE94400FEB495 /* Stroke 1.png in Resources */,
				813C11F828ADF55B00FEB495 /* NewsController.xib in Resources */,
				817F6BE128A247490030A20C /* NunitoSans-ExtraLight.ttf in Resources */,
				81433A8328AA5592000404BF /* HomeCell.xib in Resources */,
				817F6BE828A247490030A20C /* NunitoSans-Bold.ttf in Resources */,
			);
			runOnlyForDeploymentPostprocessing = 0;
		};
/* End PBXResourcesBuildPhase section */

/* Begin PBXSourcesBuildPhase section */
		811C6B5A289CF1EE0055071D /* Sources */ = {
			isa = PBXSourcesBuildPhase;
			buildActionMask = 2147483647;
			files = (
				815C3D4E28AF877100856D24 /* UserController.swift in Sources */,
				81BEAE4028A4A7560081C7A5 /* OtpView.swift in Sources */,
				811C6B8C289D11F20055071D /* CollectionViewExtension.swift in Sources */,
				81D53FC9289D245E003B14C2 /* SlideInfoModel.swift in Sources */,
				811C6B62289CF1EE0055071D /* AppDelegate.swift in Sources */,
				815C3D4328AF3A9F00856D24 /* DetailController.swift in Sources */,
				816AFBAD28B09A010028B63F /* UIView+Extensions.swift in Sources */,
				81D8470828A0AAF500D37DBC /* SignupController.swift in Sources */,
				81433A6C28AA263F000404BF /* AppAPI.swift in Sources */,
				81D5E90028A6328000AD7491 /* HomeViewController.swift in Sources */,
				815C3D3A28AF2D2D00856D24 /* DoctorAPI.swift in Sources */,
				81BEAE3C28A4A10C0081C7A5 /* OtpItemView.swift in Sources */,
				81433A7728AA2FD5000404BF /* PromotionList.swift in Sources */,
				811C6B8F289D18380055071D /* SlideInforCell.swift in Sources */,
				81433A7D28AA304F000404BF /* HomeData.swift in Sources */,
				81433A7928AA2FEC000404BF /* DoctorList.swift in Sources */,
				81433A7B28AA3014000404BF /* ArticleList.swift in Sources */,
				813C11E928ADE67600FEB495 /* DoctorHomeCell.swift in Sources */,
				810F327128ACA51900EE32D0 /* AricleModel.swift in Sources */,
				810F327328ACD68800EE32D0 /* HomeCellModel.swift in Sources */,
				810F326F28ABA56B00EE32D0 /* UIImageViewExtension.swift in Sources */,
				813C11FA28AE052D00FEB495 /* NewsAPI.swift in Sources */,
				813C121028AE2E9100FEB495 /* NewsModel.swift in Sources */,
				811C6B64289CF1EE0055071D /* SceneDelegate.swift in Sources */,
				81433A8228AA5592000404BF /* HomeCell.swift in Sources */,
				811C6B97289D1E4B0055071D /* SlideInfoController.swift in Sources */,
				81433A6E28AA2696000404BF /* HomeAPI.swift in Sources */,
				815C3D6828AFD64100856D24 /* UserInforCell.swift in Sources */,
				81433A7F28AA308F000404BF /* HomeModel.swift in Sources */,
				8172DD3928A112F600EFA73E /* ColorAppModel.swift in Sources */,
				813C11F728ADF55B00FEB495 /* NewsController.swift in Sources */,
				817F6BCE28A23E240030A20C /* OptViewController.swift in Sources */,
				813C121C28AE3F2D00FEB495 /* PromotionAPI.swift in Sources */,
				815C3D3728AF2BB700856D24 /* DoctorCell.swift in Sources */,
				815C3D6C28AFD7DB00856D24 /* UserInfoModel.swift in Sources */,
				813C120B28AE266100FEB495 /* NewCell.swift in Sources */,
				81D53FCD289D27AE003B14C2 /* SlideInfo.swift in Sources */,
				813C11F028ADEA7A00FEB495 /* DoctorModel.swift in Sources */,
				813C122028AE452A00FEB495 /* DoctorController.swift in Sources */,
				813C121928AE372B00FEB495 /* PromotionController.swift in Sources */,
			);
			runOnlyForDeploymentPostprocessing = 0;
		};
/* End PBXSourcesBuildPhase section */

/* Begin PBXVariantGroup section */
		811C6B6C289CF1F00055071D /* LaunchScreen.storyboard */ = {
			isa = PBXVariantGroup;
			children = (
				811C6B6D289CF1F00055071D /* Base */,
			);
			name = LaunchScreen.storyboard;
			sourceTree = "<group>";
		};
/* End PBXVariantGroup section */

/* Begin XCBuildConfiguration section */
		811C6B70289CF1F00055071D /* Debug */ = {
			isa = XCBuildConfiguration;
			buildSettings = {
				ALWAYS_SEARCH_USER_PATHS = NO;
				CLANG_ANALYZER_NONNULL = YES;
				CLANG_ANALYZER_NUMBER_OBJECT_CONVERSION = YES_AGGRESSIVE;
				CLANG_CXX_LANGUAGE_STANDARD = "gnu++17";
				CLANG_ENABLE_MODULES = YES;
				CLANG_ENABLE_OBJC_ARC = YES;
				CLANG_ENABLE_OBJC_WEAK = YES;
				CLANG_WARN_BLOCK_CAPTURE_AUTORELEASING = YES;
				CLANG_WARN_BOOL_CONVERSION = YES;
				CLANG_WARN_COMMA = YES;
				CLANG_WARN_CONSTANT_CONVERSION = YES;
				CLANG_WARN_DEPRECATED_OBJC_IMPLEMENTATIONS = YES;
				CLANG_WARN_DIRECT_OBJC_ISA_USAGE = YES_ERROR;
				CLANG_WARN_DOCUMENTATION_COMMENTS = YES;
				CLANG_WARN_EMPTY_BODY = YES;
				CLANG_WARN_ENUM_CONVERSION = YES;
				CLANG_WARN_INFINITE_RECURSION = YES;
				CLANG_WARN_INT_CONVERSION = YES;
				CLANG_WARN_NON_LITERAL_NULL_CONVERSION = YES;
				CLANG_WARN_OBJC_IMPLICIT_RETAIN_SELF = YES;
				CLANG_WARN_OBJC_LITERAL_CONVERSION = YES;
				CLANG_WARN_OBJC_ROOT_CLASS = YES_ERROR;
				CLANG_WARN_QUOTED_INCLUDE_IN_FRAMEWORK_HEADER = YES;
				CLANG_WARN_RANGE_LOOP_ANALYSIS = YES;
				CLANG_WARN_STRICT_PROTOTYPES = YES;
				CLANG_WARN_SUSPICIOUS_MOVE = YES;
				CLANG_WARN_UNGUARDED_AVAILABILITY = YES_AGGRESSIVE;
				CLANG_WARN_UNREACHABLE_CODE = YES;
				CLANG_WARN__DUPLICATE_METHOD_MATCH = YES;
				COPY_PHASE_STRIP = NO;
				DEBUG_INFORMATION_FORMAT = dwarf;
				ENABLE_STRICT_OBJC_MSGSEND = YES;
				ENABLE_TESTABILITY = YES;
				GCC_C_LANGUAGE_STANDARD = gnu11;
				GCC_DYNAMIC_NO_PIC = NO;
				GCC_NO_COMMON_BLOCKS = YES;
				GCC_OPTIMIZATION_LEVEL = 0;
				GCC_PREPROCESSOR_DEFINITIONS = (
					"DEBUG=1",
					"$(inherited)",
				);
				GCC_WARN_64_TO_32_BIT_CONVERSION = YES;
				GCC_WARN_ABOUT_RETURN_TYPE = YES_ERROR;
				GCC_WARN_UNDECLARED_SELECTOR = YES;
				GCC_WARN_UNINITIALIZED_AUTOS = YES_AGGRESSIVE;
				GCC_WARN_UNUSED_FUNCTION = YES;
				GCC_WARN_UNUSED_VARIABLE = YES;
				IPHONEOS_DEPLOYMENT_TARGET = 15.5;
				MTL_ENABLE_DEBUG_INFO = INCLUDE_SOURCE;
				MTL_FAST_MATH = YES;
				ONLY_ACTIVE_ARCH = YES;
				SDKROOT = iphoneos;
				SWIFT_ACTIVE_COMPILATION_CONDITIONS = DEBUG;
				SWIFT_OPTIMIZATION_LEVEL = "-Onone";
			};
			name = Debug;
		};
		811C6B71289CF1F00055071D /* Release */ = {
			isa = XCBuildConfiguration;
			buildSettings = {
				ALWAYS_SEARCH_USER_PATHS = NO;
				CLANG_ANALYZER_NONNULL = YES;
				CLANG_ANALYZER_NUMBER_OBJECT_CONVERSION = YES_AGGRESSIVE;
				CLANG_CXX_LANGUAGE_STANDARD = "gnu++17";
				CLANG_ENABLE_MODULES = YES;
				CLANG_ENABLE_OBJC_ARC = YES;
				CLANG_ENABLE_OBJC_WEAK = YES;
				CLANG_WARN_BLOCK_CAPTURE_AUTORELEASING = YES;
				CLANG_WARN_BOOL_CONVERSION = YES;
				CLANG_WARN_COMMA = YES;
				CLANG_WARN_CONSTANT_CONVERSION = YES;
				CLANG_WARN_DEPRECATED_OBJC_IMPLEMENTATIONS = YES;
				CLANG_WARN_DIRECT_OBJC_ISA_USAGE = YES_ERROR;
				CLANG_WARN_DOCUMENTATION_COMMENTS = YES;
				CLANG_WARN_EMPTY_BODY = YES;
				CLANG_WARN_ENUM_CONVERSION = YES;
				CLANG_WARN_INFINITE_RECURSION = YES;
				CLANG_WARN_INT_CONVERSION = YES;
				CLANG_WARN_NON_LITERAL_NULL_CONVERSION = YES;
				CLANG_WARN_OBJC_IMPLICIT_RETAIN_SELF = YES;
				CLANG_WARN_OBJC_LITERAL_CONVERSION = YES;
				CLANG_WARN_OBJC_ROOT_CLASS = YES_ERROR;
				CLANG_WARN_QUOTED_INCLUDE_IN_FRAMEWORK_HEADER = YES;
				CLANG_WARN_RANGE_LOOP_ANALYSIS = YES;
				CLANG_WARN_STRICT_PROTOTYPES = YES;
				CLANG_WARN_SUSPICIOUS_MOVE = YES;
				CLANG_WARN_UNGUARDED_AVAILABILITY = YES_AGGRESSIVE;
				CLANG_WARN_UNREACHABLE_CODE = YES;
				CLANG_WARN__DUPLICATE_METHOD_MATCH = YES;
				COPY_PHASE_STRIP = NO;
				DEBUG_INFORMATION_FORMAT = "dwarf-with-dsym";
				ENABLE_NS_ASSERTIONS = NO;
				ENABLE_STRICT_OBJC_MSGSEND = YES;
				GCC_C_LANGUAGE_STANDARD = gnu11;
				GCC_NO_COMMON_BLOCKS = YES;
				GCC_WARN_64_TO_32_BIT_CONVERSION = YES;
				GCC_WARN_ABOUT_RETURN_TYPE = YES_ERROR;
				GCC_WARN_UNDECLARED_SELECTOR = YES;
				GCC_WARN_UNINITIALIZED_AUTOS = YES_AGGRESSIVE;
				GCC_WARN_UNUSED_FUNCTION = YES;
				GCC_WARN_UNUSED_VARIABLE = YES;
				IPHONEOS_DEPLOYMENT_TARGET = 15.5;
				MTL_ENABLE_DEBUG_INFO = NO;
				MTL_FAST_MATH = YES;
				SDKROOT = iphoneos;
				SWIFT_COMPILATION_MODE = wholemodule;
				SWIFT_OPTIMIZATION_LEVEL = "-O";
				VALIDATE_PRODUCT = YES;
			};
			name = Release;
		};
		811C6B73289CF1F00055071D /* Debug */ = {
			isa = XCBuildConfiguration;
			buildSettings = {
				ASSETCATALOG_COMPILER_APPICON_NAME = AppIcon;
				ASSETCATALOG_COMPILER_GLOBAL_ACCENT_COLOR_NAME = AccentColor;
				CODE_SIGN_STYLE = Automatic;
				CURRENT_PROJECT_VERSION = 1;
				DEVELOPMENT_TEAM = DLXR7ZA23L;
				GENERATE_INFOPLIST_FILE = YES;
				INFOPLIST_FILE = LeThach_Intern_BasicApp/Info.plist;
				INFOPLIST_KEY_UIApplicationSupportsIndirectInputEvents = YES;
				INFOPLIST_KEY_UILaunchStoryboardName = LaunchScreen;
				INFOPLIST_KEY_UISupportedInterfaceOrientations_iPad = "UIInterfaceOrientationPortrait UIInterfaceOrientationPortraitUpsideDown UIInterfaceOrientationLandscapeLeft UIInterfaceOrientationLandscapeRight";
				INFOPLIST_KEY_UISupportedInterfaceOrientations_iPhone = "UIInterfaceOrientationPortrait UIInterfaceOrientationLandscapeLeft UIInterfaceOrientationLandscapeRight";
				IPHONEOS_DEPLOYMENT_TARGET = 13.0;
				LD_RUNPATH_SEARCH_PATHS = (
					"$(inherited)",
					"@executable_path/Frameworks",
				);
				MARKETING_VERSION = 1.0;
				PRODUCT_BUNDLE_IDENTIFIER = "com.hehe.LeThach-Intern-BasicApp";
				PRODUCT_NAME = "$(TARGET_NAME)";
				SWIFT_EMIT_LOC_STRINGS = YES;
				SWIFT_VERSION = 5.0;
				TARGETED_DEVICE_FAMILY = "1,2";
			};
			name = Debug;
		};
		811C6B74289CF1F00055071D /* Release */ = {
			isa = XCBuildConfiguration;
			buildSettings = {
				ASSETCATALOG_COMPILER_APPICON_NAME = AppIcon;
				ASSETCATALOG_COMPILER_GLOBAL_ACCENT_COLOR_NAME = AccentColor;
				CODE_SIGN_STYLE = Automatic;
				CURRENT_PROJECT_VERSION = 1;
				DEVELOPMENT_TEAM = DLXR7ZA23L;
				GENERATE_INFOPLIST_FILE = YES;
				INFOPLIST_FILE = LeThach_Intern_BasicApp/Info.plist;
				INFOPLIST_KEY_UIApplicationSupportsIndirectInputEvents = YES;
				INFOPLIST_KEY_UILaunchStoryboardName = LaunchScreen;
				INFOPLIST_KEY_UISupportedInterfaceOrientations_iPad = "UIInterfaceOrientationPortrait UIInterfaceOrientationPortraitUpsideDown UIInterfaceOrientationLandscapeLeft UIInterfaceOrientationLandscapeRight";
				INFOPLIST_KEY_UISupportedInterfaceOrientations_iPhone = "UIInterfaceOrientationPortrait UIInterfaceOrientationLandscapeLeft UIInterfaceOrientationLandscapeRight";
				IPHONEOS_DEPLOYMENT_TARGET = 13.0;
				LD_RUNPATH_SEARCH_PATHS = (
					"$(inherited)",
					"@executable_path/Frameworks",
				);
				MARKETING_VERSION = 1.0;
				PRODUCT_BUNDLE_IDENTIFIER = "com.hehe.LeThach-Intern-BasicApp";
				PRODUCT_NAME = "$(TARGET_NAME)";
				SWIFT_EMIT_LOC_STRINGS = YES;
				SWIFT_VERSION = 5.0;
				TARGETED_DEVICE_FAMILY = "1,2";
			};
			name = Release;
		};
/* End XCBuildConfiguration section */

/* Begin XCConfigurationList section */
		811C6B59289CF1EE0055071D /* Build configuration list for PBXProject "LeThach_Intern_BasicApp" */ = {
			isa = XCConfigurationList;
			buildConfigurations = (
				811C6B70289CF1F00055071D /* Debug */,
				811C6B71289CF1F00055071D /* Release */,
			);
			defaultConfigurationIsVisible = 0;
			defaultConfigurationName = Release;
		};
		811C6B72289CF1F00055071D /* Build configuration list for PBXNativeTarget "LeThach_Intern_BasicApp" */ = {
			isa = XCConfigurationList;
			buildConfigurations = (
				811C6B73289CF1F00055071D /* Debug */,
				811C6B74289CF1F00055071D /* Release */,
			);
			defaultConfigurationIsVisible = 0;
			defaultConfigurationName = Release;
		};
/* End XCConfigurationList section */
	};
	rootObject = 811C6B56289CF1EE0055071D /* Project object */;
}
